
Microsoft Visual Studio Solution File, Format Version 12.00
# Visual Studio Version 17
VisualStudioVersion = 17.12.35728.132
MinimumVisualStudioVersion = 10.0.40219.1
Project("{FAE04EC0-301F-11D3-BF4B-00C04F79EFBC}") = "Directives", "Directives\Directives.csproj", "{5FF160F2-5CC6-4DDD-AC98-C40D28F57962}"
EndProject
Project("{FAE04EC0-301F-11D3-BF4B-00C04F79EFBC}") = "EventHandling", "EventHandling\EventHandling.csproj", "{310CF3FF-64B2-431B-9ED6-424F1CD6FFAD}"
EndProject
Project("{FAE04EC0-301F-11D3-BF4B-00C04F79EFBC}") = "LifecycleMethods", "LifecycleMethods\LifecycleMethods.csproj", "{7DDEA2FC-AE2C-424F-8878-40532BF21194}"
EndProject
Project("{FAE04EC0-301F-11D3-BF4B-00C04F79EFBC}") = "ComponentCommunication", "ComponentCommunication\ComponentCommunication.csproj", "{8390915A-8CF8-4413-957F-F5D40DDA673C}"
EndProject
Project("{FAE04EC0-301F-11D3-BF4B-00C04F79EFBC}") = "RazorComponentRendering", "RazorComponentRendering\RazorComponentRendering.csproj", "{A2F8F698-4F98-4A32-BEDA-339B670D9C45}"
EndProject
Project("{FAE04EC0-301F-11D3-BF4B-00C04F79EFBC}") = "CascadingParameterInDetail", "CascadingParameterInDetail\CascadingParameterInDetail.csproj", "{22443B63-DBFE-4403-9186-11BA3D12D971}"
EndProject
Project("{FAE04EC0-301F-11D3-BF4B-00C04F79EFBC}") = "ParameterInDetail", "ParameterInDetail\ParameterInDetail.csproj", "{6548321E-9AB7-40E5-8A07-1D8EB205D018}"
EndProject
Global
	GlobalSection(SolutionConfigurationPlatforms) = preSolution
		Debug|Any CPU = Debug|Any CPU
		Release|Any CPU = Release|Any CPU
	EndGlobalSection
	GlobalSection(ProjectConfigurationPlatforms) = postSolution
		{5FF160F2-5CC6-4DDD-AC98-C40D28F57962}.Debug|Any CPU.ActiveCfg = Debug|Any CPU
		{5FF160F2-5CC6-4DDD-AC98-C40D28F57962}.Debug|Any CPU.Build.0 = Debug|Any CPU
		{5FF160F2-5CC6-4DDD-AC98-C40D28F57962}.Release|Any CPU.ActiveCfg = Release|Any CPU
		{5FF160F2-5CC6-4DDD-AC98-C40D28F57962}.Release|Any CPU.Build.0 = Release|Any CPU
		{310CF3FF-64B2-431B-9ED6-424F1CD6FFAD}.Debug|Any CPU.ActiveCfg = Debug|Any CPU
		{310CF3FF-64B2-431B-9ED6-424F1CD6FFAD}.Debug|Any CPU.Build.0 = Debug|Any CPU
		{310CF3FF-64B2-431B-9ED6-424F1CD6FFAD}.Release|Any CPU.ActiveCfg = Release|Any CPU
		{310CF3FF-64B2-431B-9ED6-424F1CD6FFAD}.Release|Any CPU.Build.0 = Release|Any CPU
		{7DDEA2FC-AE2C-424F-8878-40532BF21194}.Debug|Any CPU.ActiveCfg = Debug|Any CPU
		{7DDEA2FC-AE2C-424F-8878-40532BF21194}.Debug|Any CPU.Build.0 = Debug|Any CPU
		{7DDEA2FC-AE2C-424F-8878-40532BF21194}.Release|Any CPU.ActiveCfg = Release|Any CPU
		{7DDEA2FC-AE2C-424F-8878-40532BF21194}.Release|Any CPU.Build.0 = Release|Any CPU
		{8390915A-8CF8-4413-957F-F5D40DDA673C}.Debug|Any CPU.ActiveCfg = Debug|Any CPU
		{8390915A-8CF8-4413-957F-F5D40DDA673C}.Debug|Any CPU.Build.0 = Debug|Any CPU
		{8390915A-8CF8-4413-957F-F5D40DDA673C}.Release|Any CPU.ActiveCfg = Release|Any CPU
		{8390915A-8CF8-4413-957F-F5D40DDA673C}.Release|Any CPU.Build.0 = Release|Any CPU
		{A2F8F698-4F98-4A32-BEDA-339B670D9C45}.Debug|Any CPU.ActiveCfg = Debug|Any CPU
		{A2F8F698-4F98-4A32-BEDA-339B670D9C45}.Debug|Any CPU.Build.0 = Debug|Any CPU
		{A2F8F698-4F98-4A32-BEDA-339B670D9C45}.Release|Any CPU.ActiveCfg = Release|Any CPU
		{A2F8F698-4F98-4A32-BEDA-339B670D9C45}.Release|Any CPU.Build.0 = Release|Any CPU
		{22443B63-DBFE-4403-9186-11BA3D12D971}.Debug|Any CPU.ActiveCfg = Debug|Any CPU
		{22443B63-DBFE-4403-9186-11BA3D12D971}.Debug|Any CPU.Build.0 = Debug|Any CPU
		{22443B63-DBFE-4403-9186-11BA3D12D971}.Release|Any CPU.ActiveCfg = Release|Any CPU
		{22443B63-DBFE-4403-9186-11BA3D12D971}.Release|Any CPU.Build.0 = Release|Any CPU
		{6548321E-9AB7-40E5-8A07-1D8EB205D018}.Debug|Any CPU.ActiveCfg = Debug|Any CPU
		{6548321E-9AB7-40E5-8A07-1D8EB205D018}.Debug|Any CPU.Build.0 = Debug|Any CPU
		{6548321E-9AB7-40E5-8A07-1D8EB205D018}.Release|Any CPU.ActiveCfg = Release|Any CPU
		{6548321E-9AB7-40E5-8A07-1D8EB205D018}.Release|Any CPU.Build.0 = Release|Any CPU
	EndGlobalSection
	GlobalSection(SolutionProperties) = preSolution
		HideSolutionNode = FALSE
	EndGlobalSection
	GlobalSection(ExtensibilityGlobals) = postSolution
		SolutionGuid = {7F24C908-54F8-4303-A3C6-D6312C8D90BD}
	EndGlobalSection
EndGlobal
